// !$*UTF8*$!
{
	archiveVersion = 1;
	classes = {
	};
	objectVersion = 77;
	objects = {

/* Begin PBXBuildFile section */
		5D4DA3472E9F9E7100426F54 /* SwifterSwift in Frameworks */ = {isa = PBXBuildFile; productRef = 5D4DA3462E9F9E7100426F54 /* SwifterSwift */; };
		5DB0B1E42EA5F68E003962E0 /* README.md in Resources */ = {isa = PBXBuildFile; fileRef = 5DB0B1E32EA5F68E003962E0 /* README.md */; };
		5DB0B1FB2EA62B34003962E0 /* GiaVang Watch App.app in Embed Watch Content */ = {isa = PBXBuildFile; fileRef = 5DB0B1F12EA62B33003962E0 /* GiaVang Watch App.app */; settings = {ATTRIBUTES = (RemoveHeadersOnCopy, ); }; };
		5DB0B31D2EA789DA003962E0 /* GoogleMobileAds in Frameworks */ = {isa = PBXBuildFile; productRef = 5DB0B31C2EA789DA003962E0 /* GoogleMobileAds */; };
/* End PBXBuildFile section */

/* Begin PBXContainerItemProxy section */
		5DB0B1F92EA62B34003962E0 /* PBXContainerItemProxy */ = {
			isa = PBXContainerItemProxy;
			containerPortal = 5D4DA3042E9F95A300426F54 /* Project object */;
			proxyType = 1;
			remoteGlobalIDString = 5DB0B1F02EA62B33003962E0;
			remoteInfo = "GiaVang Watch App";
		};
/* End PBXContainerItemProxy section */

/* Begin PBXCopyFilesBuildPhase section */
		5DB0B1FF2EA62B34003962E0 /* Embed Watch Content */ = {
			isa = PBXCopyFilesBuildPhase;
			buildActionMask = 2147483647;
			dstPath = "$(CONTENTS_FOLDER_PATH)/Watch";
			dstSubfolderSpec = 16;
			files = (
				5DB0B1FB2EA62B34003962E0 /* GiaVang Watch App.app in Embed Watch Content */,
			);
			name = "Embed Watch Content";
			runOnlyForDeploymentPostprocessing = 0;
		};
/* End PBXCopyFilesBuildPhase section */

/* Begin PBXFileReference section */
		5D4DA30C2E9F95A300426F54 /* GiaVangVN.app */ = {isa = PBXFileReference; explicitFileType = wrapper.application; includeInIndex = 0; path = GiaVangVN.app; sourceTree = BUILT_PRODUCTS_DIR; };
		5DB0B1E32EA5F68E003962E0 /* README.md */ = {isa = PBXFileReference; lastKnownFileType = net.daringfireball.markdown; path = README.md; sourceTree = "<group>"; };
		5DB0B1F12EA62B33003962E0 /* GiaVang Watch App.app */ = {isa = PBXFileReference; explicitFileType = wrapper.application; includeInIndex = 0; path = "GiaVang Watch App.app"; sourceTree = BUILT_PRODUCTS_DIR; };
/* End PBXFileReference section */

/* Begin PBXFileSystemSynchronizedBuildFileExceptionSet section */
		5D4DA3212E9F96F500426F54 /* Exceptions for "GiaVangVN" folder in "GiaVangVN" target */ = {
			isa = PBXFileSystemSynchronizedBuildFileExceptionSet;
			membershipExceptions = (
				Info.plist,
			);
			target = 5D4DA30B2E9F95A300426F54 /* GiaVangVN */;
		};
		5DB0B2052EA62C49003962E0 /* Exceptions for "GiaVangVN" folder in "GiaVang Watch App" target */ = {
			isa = PBXFileSystemSynchronizedBuildFileExceptionSet;
			membershipExceptions = (
				Api/Api.swift,
				Api/ApiDecryptor.swift,
				Api/CurrencyService.swift,
				Api/DashboardService.swift,
				Api/GoldService.swift,
				Api/Request/CurrencyDailyRequest.swift,
				Api/Request/CurrencyListRequest.swift,
				Api/Request/CurrencyPriceRequest.swift,
				Api/Request/CurrencyRequest.swift,
				Api/Request/DashboardRequest.swift,
				Api/Request/GoldDailyRequest.swift,
				Api/Request/GoldListRequest.swift,
				Api/Request/GoldPriceRequest.swift,
				Api/Request/NewsRequest.swift,
				Api/Response/CurrencyDailyResponse.swift,
				Api/Response/CurrencyListResponse.swift,
				Api/Response/CurrencyPriceResponse.swift,
				Api/Response/CurrencyResponse.swift,
				Api/Response/DashboardResponse.swift,
				Api/Response/GoldChartResponse.swift,
				Api/Response/GoldDailyResponse.swift,
				Api/Response/GoldListResponse.swift,
				Api/Response/GoldPriceResponse.swift,
				Api/Response/GoldResponse.swift,
				Api/Response/NewsResponse.swift,
				Modules/Currency/CurrencyViewModel.swift,
				Modules/Dashboard/DashBoardViewModel.swift,
				Modules/Gold/GoldViewModel.swift,
			);
			target = 5DB0B1F02EA62B33003962E0 /* GiaVang Watch App */;
		};
/* End PBXFileSystemSynchronizedBuildFileExceptionSet section */

/* Begin PBXFileSystemSynchronizedRootGroup section */
		5D4DA30E2E9F95A300426F54 /* GiaVangVN */ = {
			isa = PBXFileSystemSynchronizedRootGroup;
			exceptions = (
				5D4DA3212E9F96F500426F54 /* Exceptions for "GiaVangVN" folder in "GiaVangVN" target */,
				5DB0B2052EA62C49003962E0 /* Exceptions for "GiaVangVN" folder in "GiaVang Watch App" target */,
			);
			path = GiaVangVN;
			sourceTree = "<group>";
		};
		5DB0B1F22EA62B33003962E0 /* GiaVang Watch App */ = {
			isa = PBXFileSystemSynchronizedRootGroup;
			path = "GiaVang Watch App";
			sourceTree = "<group>";
		};
/* End PBXFileSystemSynchronizedRootGroup section */

/* Begin PBXFrameworksBuildPhase section */
		5D4DA3092E9F95A300426F54 /* Frameworks */ = {
			isa = PBXFrameworksBuildPhase;
			buildActionMask = 2147483647;
			files = (
				5DB0B31D2EA789DA003962E0 /* GoogleMobileAds in Frameworks */,
				5D4DA3472E9F9E7100426F54 /* SwifterSwift in Frameworks */,
			);
			runOnlyForDeploymentPostprocessing = 0;
		};
		5DB0B1EE2EA62B33003962E0 /* Frameworks */ = {
			isa = PBXFrameworksBuildPhase;
			buildActionMask = 2147483647;
			files = (
			);
			runOnlyForDeploymentPostprocessing = 0;
		};
/* End PBXFrameworksBuildPhase section */

/* Begin PBXGroup section */
		5D4DA3032E9F95A300426F54 = {
			isa = PBXGroup;
			children = (
				5D4DA30E2E9F95A300426F54 /* GiaVangVN */,
				5DB0B1F22EA62B33003962E0 /* GiaVang Watch App */,
				5D4DA30D2E9F95A300426F54 /* Products */,
				5DB0B1E32EA5F68E003962E0 /* README.md */,
			);
			sourceTree = "<group>";
		};
		5D4DA30D2E9F95A300426F54 /* Products */ = {
			isa = PBXGroup;
			children = (
				5D4DA30C2E9F95A300426F54 /* GiaVangVN.app */,
				5DB0B1F12EA62B33003962E0 /* GiaVang Watch App.app */,
			);
			name = Products;
			sourceTree = "<group>";
		};
/* End PBXGroup section */

/* Begin PBXNativeTarget section */
		5D4DA30B2E9F95A300426F54 /* GiaVangVN */ = {
			isa = PBXNativeTarget;
			buildConfigurationList = 5D4DA31C2E9F95A500426F54 /* Build configuration list for PBXNativeTarget "GiaVangVN" */;
			buildPhases = (
				5D4DA3082E9F95A300426F54 /* Sources */,
				5D4DA3092E9F95A300426F54 /* Frameworks */,
				5D4DA30A2E9F95A300426F54 /* Resources */,
				5DB0B1FF2EA62B34003962E0 /* Embed Watch Content */,
			);
			buildRules = (
			);
			dependencies = (
				5DB0B1FA2EA62B34003962E0 /* PBXTargetDependency */,
			);
			fileSystemSynchronizedGroups = (
				5D4DA30E2E9F95A300426F54 /* GiaVangVN */,
			);
			name = GiaVangVN;
			packageProductDependencies = (
				5D4DA3462E9F9E7100426F54 /* SwifterSwift */,
				5DB0B31C2EA789DA003962E0 /* GoogleMobileAds */,
			);
			productName = GiaVangVN;
			productReference = 5D4DA30C2E9F95A300426F54 /* GiaVangVN.app */;
			productType = "com.apple.product-type.application";
		};
		5DB0B1F02EA62B33003962E0 /* GiaVang Watch App */ = {
			isa = PBXNativeTarget;
			buildConfigurationList = 5DB0B1FC2EA62B34003962E0 /* Build configuration list for PBXNativeTarget "GiaVang Watch App" */;
			buildPhases = (
				5DB0B1ED2EA62B33003962E0 /* Sources */,
				5DB0B1EE2EA62B33003962E0 /* Frameworks */,
				5DB0B1EF2EA62B33003962E0 /* Resources */,
			);
			buildRules = (
			);
			dependencies = (
			);
			fileSystemSynchronizedGroups = (
				5DB0B1F22EA62B33003962E0 /* GiaVang Watch App */,
			);
			name = "GiaVang Watch App";
			packageProductDependencies = (
			);
			productName = "GiaVang Watch App";
			productReference = 5DB0B1F12EA62B33003962E0 /* GiaVang Watch App.app */;
			productType = "com.apple.product-type.application";
		};
/* End PBXNativeTarget section */

/* Begin PBXProject section */
		5D4DA3042E9F95A300426F54 /* Project object */ = {
			isa = PBXProject;
			attributes = {
				BuildIndependentTargetsInParallel = 1;
				LastSwiftUpdateCheck = 2600;
				LastUpgradeCheck = 2600;
				TargetAttributes = {
					5D4DA30B2E9F95A300426F54 = {
						CreatedOnToolsVersion = 26.0.1;
					};
					5DB0B1F02EA62B33003962E0 = {
						CreatedOnToolsVersion = 26.0.1;
					};
				};
			};
			buildConfigurationList = 5D4DA3072E9F95A300426F54 /* Build configuration list for PBXProject "GiaVangVN" */;
			developmentRegion = en;
			hasScannedForEncodings = 0;
			knownRegions = (
				en,
				Base,
			);
			mainGroup = 5D4DA3032E9F95A300426F54;
			minimizedProjectReferenceProxies = 1;
			packageReferences = (
				5D4DA3452E9F9E7100426F54 /* XCRemoteSwiftPackageReference "SwifterSwift" */,
				5DB0B31B2EA789DA003962E0 /* XCRemoteSwiftPackageReference "swift-package-manager-google-mobile-ads" */,
			);
			preferredProjectObjectVersion = 77;
			productRefGroup = 5D4DA30D2E9F95A300426F54 /* Products */;
			projectDirPath = "";
			projectRoot = "";
			targets = (
				5D4DA30B2E9F95A300426F54 /* GiaVangVN */,
				5DB0B1F02EA62B33003962E0 /* GiaVang Watch App */,
			);
		};
/* End PBXProject section */

/* Begin PBXResourcesBuildPhase section */
		5D4DA30A2E9F95A300426F54 /* Resources */ = {
			isa = PBXResourcesBuildPhase;
			buildActionMask = 2147483647;
			files = (
				5DB0B1E42EA5F68E003962E0 /* README.md in Resources */,
			);
			runOnlyForDeploymentPostprocessing = 0;
		};
		5DB0B1EF2EA62B33003962E0 /* Resources */ = {
			isa = PBXResourcesBuildPhase;
			buildActionMask = 2147483647;
			files = (
			);
			runOnlyForDeploymentPostprocessing = 0;
		};
/* End PBXResourcesBuildPhase section */

/* Begin PBXSourcesBuildPhase section */
		5D4DA3082E9F95A300426F54 /* Sources */ = {
			isa = PBXSourcesBuildPhase;
			buildActionMask = 2147483647;
			files = (
			);
			runOnlyForDeploymentPostprocessing = 0;
		};
		5DB0B1ED2EA62B33003962E0 /* Sources */ = {
			isa = PBXSourcesBuildPhase;
			buildActionMask = 2147483647;
			files = (
			);
			runOnlyForDeploymentPostprocessing = 0;
		};
/* End PBXSourcesBuildPhase section */

/* Begin PBXTargetDependency section */
		5DB0B1FA2EA62B34003962E0 /* PBXTargetDependency */ = {
			isa = PBXTargetDependency;
			target = 5DB0B1F02EA62B33003962E0 /* GiaVang Watch App */;
			targetProxy = 5DB0B1F92EA62B34003962E0 /* PBXContainerItemProxy */;
		};
/* End PBXTargetDependency section */

/* Begin XCBuildConfiguration section */
		5D4DA31A2E9F95A500426F54 /* Debug */ = {
			isa = XCBuildConfiguration;
			buildSettings = {
				ALWAYS_SEARCH_USER_PATHS = NO;
				ASSETCATALOG_COMPILER_GENERATE_SWIFT_ASSET_SYMBOL_EXTENSIONS = YES;
				CLANG_ANALYZER_NONNULL = YES;
				CLANG_ANALYZER_NUMBER_OBJECT_CONVERSION = YES_AGGRESSIVE;
				CLANG_CXX_LANGUAGE_STANDARD = "gnu++20";
				CLANG_ENABLE_MODULES = YES;
				CLANG_ENABLE_OBJC_ARC = YES;
				CLANG_ENABLE_OBJC_WEAK = YES;
				CLANG_WARN_BLOCK_CAPTURE_AUTORELEASING = YES;
				CLANG_WARN_BOOL_CONVERSION = YES;
				CLANG_WARN_COMMA = YES;
				CLANG_WARN_CONSTANT_CONVERSION = YES;
				CLANG_WARN_DEPRECATED_OBJC_IMPLEMENTATIONS = YES;
				CLANG_WARN_DIRECT_OBJC_ISA_USAGE = YES_ERROR;
				CLANG_WARN_DOCUMENTATION_COMMENTS = YES;
				CLANG_WARN_EMPTY_BODY = YES;
				CLANG_WARN_ENUM_CONVERSION = YES;
				CLANG_WARN_INFINITE_RECURSION = YES;
				CLANG_WARN_INT_CONVERSION = YES;
				CLANG_WARN_NON_LITERAL_NULL_CONVERSION = YES;
				CLANG_WARN_OBJC_IMPLICIT_RETAIN_SELF = YES;
				CLANG_WARN_OBJC_LITERAL_CONVERSION = YES;
				CLANG_WARN_OBJC_ROOT_CLASS = YES_ERROR;
				CLANG_WARN_QUOTED_INCLUDE_IN_FRAMEWORK_HEADER = YES;
				CLANG_WARN_RANGE_LOOP_ANALYSIS = YES;
				CLANG_WARN_STRICT_PROTOTYPES = YES;
				CLANG_WARN_SUSPICIOUS_MOVE = YES;
				CLANG_WARN_UNGUARDED_AVAILABILITY = YES_AGGRESSIVE;
				CLANG_WARN_UNREACHABLE_CODE = YES;
				CLANG_WARN__DUPLICATE_METHOD_MATCH = YES;
				COPY_PHASE_STRIP = NO;
				DEBUG_INFORMATION_FORMAT = dwarf;
				ENABLE_STRICT_OBJC_MSGSEND = YES;
				ENABLE_TESTABILITY = YES;
				ENABLE_USER_SCRIPT_SANDBOXING = YES;
				GCC_C_LANGUAGE_STANDARD = gnu17;
				GCC_DYNAMIC_NO_PIC = NO;
				GCC_NO_COMMON_BLOCKS = YES;
				GCC_OPTIMIZATION_LEVEL = 0;
				GCC_PREPROCESSOR_DEFINITIONS = (
					"DEBUG=1",
					"$(inherited)",
				);
				GCC_WARN_64_TO_32_BIT_CONVERSION = YES;
				GCC_WARN_ABOUT_RETURN_TYPE = YES_ERROR;
				GCC_WARN_UNDECLARED_SELECTOR = YES;
				GCC_WARN_UNINITIALIZED_AUTOS = YES_AGGRESSIVE;
				GCC_WARN_UNUSED_FUNCTION = YES;
				GCC_WARN_UNUSED_VARIABLE = YES;
				IPHONEOS_DEPLOYMENT_TARGET = 26.0;
				LOCALIZATION_PREFERS_STRING_CATALOGS = YES;
				MTL_ENABLE_DEBUG_INFO = INCLUDE_SOURCE;
				MTL_FAST_MATH = YES;
				ONLY_ACTIVE_ARCH = YES;
				SDKROOT = iphoneos;
				SWIFT_ACTIVE_COMPILATION_CONDITIONS = "DEBUG $(inherited)";
				SWIFT_OPTIMIZATION_LEVEL = "-Onone";
			};
			name = Debug;
		};
		5D4DA31B2E9F95A500426F54 /* Release */ = {
			isa = XCBuildConfiguration;
			buildSettings = {
				ALWAYS_SEARCH_USER_PATHS = NO;
				ASSETCATALOG_COMPILER_GENERATE_SWIFT_ASSET_SYMBOL_EXTENSIONS = YES;
				CLANG_ANALYZER_NONNULL = YES;
				CLANG_ANALYZER_NUMBER_OBJECT_CONVERSION = YES_AGGRESSIVE;
				CLANG_CXX_LANGUAGE_STANDARD = "gnu++20";
				CLANG_ENABLE_MODULES = YES;
				CLANG_ENABLE_OBJC_ARC = YES;
				CLANG_ENABLE_OBJC_WEAK = YES;
				CLANG_WARN_BLOCK_CAPTURE_AUTORELEASING = YES;
				CLANG_WARN_BOOL_CONVERSION = YES;
				CLANG_WARN_COMMA = YES;
				CLANG_WARN_CONSTANT_CONVERSION = YES;
				CLANG_WARN_DEPRECATED_OBJC_IMPLEMENTATIONS = YES;
				CLANG_WARN_DIRECT_OBJC_ISA_USAGE = YES_ERROR;
				CLANG_WARN_DOCUMENTATION_COMMENTS = YES;
				CLANG_WARN_EMPTY_BODY = YES;
				CLANG_WARN_ENUM_CONVERSION = YES;
				CLANG_WARN_INFINITE_RECURSION = YES;
				CLANG_WARN_INT_CONVERSION = YES;
				CLANG_WARN_NON_LITERAL_NULL_CONVERSION = YES;
				CLANG_WARN_OBJC_IMPLICIT_RETAIN_SELF = YES;
				CLANG_WARN_OBJC_LITERAL_CONVERSION = YES;
				CLANG_WARN_OBJC_ROOT_CLASS = YES_ERROR;
				CLANG_WARN_QUOTED_INCLUDE_IN_FRAMEWORK_HEADER = YES;
				CLANG_WARN_RANGE_LOOP_ANALYSIS = YES;
				CLANG_WARN_STRICT_PROTOTYPES = YES;
				CLANG_WARN_SUSPICIOUS_MOVE = YES;
				CLANG_WARN_UNGUARDED_AVAILABILITY = YES_AGGRESSIVE;
				CLANG_WARN_UNREACHABLE_CODE = YES;
				CLANG_WARN__DUPLICATE_METHOD_MATCH = YES;
				COPY_PHASE_STRIP = NO;
				DEBUG_INFORMATION_FORMAT = "dwarf-with-dsym";
				ENABLE_NS_ASSERTIONS = NO;
				ENABLE_STRICT_OBJC_MSGSEND = YES;
				ENABLE_USER_SCRIPT_SANDBOXING = YES;
				GCC_C_LANGUAGE_STANDARD = gnu17;
				GCC_NO_COMMON_BLOCKS = YES;
				GCC_WARN_64_TO_32_BIT_CONVERSION = YES;
				GCC_WARN_ABOUT_RETURN_TYPE = YES_ERROR;
				GCC_WARN_UNDECLARED_SELECTOR = YES;
				GCC_WARN_UNINITIALIZED_AUTOS = YES_AGGRESSIVE;
				GCC_WARN_UNUSED_FUNCTION = YES;
				GCC_WARN_UNUSED_VARIABLE = YES;
				IPHONEOS_DEPLOYMENT_TARGET = 26.0;
				LOCALIZATION_PREFERS_STRING_CATALOGS = YES;
				MTL_ENABLE_DEBUG_INFO = NO;
				MTL_FAST_MATH = YES;
				SDKROOT = iphoneos;
				SWIFT_COMPILATION_MODE = wholemodule;
				VALIDATE_PRODUCT = YES;
			};
			name = Release;
		};
		5D4DA31D2E9F95A500426F54 /* Debug */ = {
			isa = XCBuildConfiguration;
			buildSettings = {
				ASSETCATALOG_COMPILER_APPICON_NAME = AppIcon;
				ASSETCATALOG_COMPILER_GLOBAL_ACCENT_COLOR_NAME = AccentColor;
				"CODE_SIGN_IDENTITY[sdk=iphoneos*]" = "iPhone Developer";
				CODE_SIGN_STYLE = Manual;
				CURRENT_PROJECT_VERSION = 1;
				DEVELOPMENT_TEAM = "";
				"DEVELOPMENT_TEAM[sdk=iphoneos*]" = XL8Q4B9F55;
				ENABLE_PREVIEWS = YES;
				GENERATE_INFOPLIST_FILE = YES;
				INFOPLIST_FILE = GiaVangVN/Info.plist;
				INFOPLIST_KEY_UIApplicationSceneManifest_Generation = YES;
				INFOPLIST_KEY_UIApplicationSupportsIndirectInputEvents = YES;
				INFOPLIST_KEY_UILaunchScreen_Generation = YES;
				INFOPLIST_KEY_UISupportedInterfaceOrientations_iPad = "UIInterfaceOrientationPortrait UIInterfaceOrientationPortraitUpsideDown UIInterfaceOrientationLandscapeLeft UIInterfaceOrientationLandscapeRight";
				INFOPLIST_KEY_UISupportedInterfaceOrientations_iPhone = "UIInterfaceOrientationPortrait UIInterfaceOrientationLandscapeLeft UIInterfaceOrientationLandscapeRight";
				IPHONEOS_DEPLOYMENT_TARGET = 16.0;
				LD_RUNPATH_SEARCH_PATHS = (
					"$(inherited)",
					"@executable_path/Frameworks",
				);
				MARKETING_VERSION = 1.0;
				PRODUCT_BUNDLE_IDENTIFIER = com.orientpro.goldprice;
				PRODUCT_NAME = "$(TARGET_NAME)";
				PROVISIONING_PROFILE_SPECIFIER = "";
				"PROVISIONING_PROFILE_SPECIFIER[sdk=iphoneos*]" = "Wildcard - Dev";
				STRING_CATALOG_GENERATE_SYMBOLS = YES;
				SWIFT_APPROACHABLE_CONCURRENCY = YES;
				SWIFT_DEFAULT_ACTOR_ISOLATION = MainActor;
				SWIFT_EMIT_LOC_STRINGS = YES;
				SWIFT_UPCOMING_FEATURE_MEMBER_IMPORT_VISIBILITY = YES;
				SWIFT_VERSION = 5.0;
				TARGETED_DEVICE_FAMILY = "1,2";
			};
			name = Debug;
		};
		5D4DA31E2E9F95A500426F54 /* Release */ = {
			isa = XCBuildConfiguration;
			buildSettings = {
				ASSETCATALOG_COMPILER_APPICON_NAME = AppIcon;
				ASSETCATALOG_COMPILER_GLOBAL_ACCENT_COLOR_NAME = AccentColor;
				"CODE_SIGN_IDENTITY[sdk=iphoneos*]" = "iPhone Developer";
				CODE_SIGN_STYLE = Manual;
				CURRENT_PROJECT_VERSION = 1;
				DEVELOPMENT_TEAM = "";
				"DEVELOPMENT_TEAM[sdk=iphoneos*]" = XL8Q4B9F55;
				ENABLE_PREVIEWS = YES;
				GENERATE_INFOPLIST_FILE = YES;
				INFOPLIST_FILE = GiaVangVN/Info.plist;
				INFOPLIST_KEY_UIApplicationSceneManifest_Generation = YES;
				INFOPLIST_KEY_UIApplicationSupportsIndirectInputEvents = YES;
				INFOPLIST_KEY_UILaunchScreen_Generation = YES;
				INFOPLIST_KEY_UISupportedInterfaceOrientations_iPad = "UIInterfaceOrientationPortrait UIInterfaceOrientationPortraitUpsideDown UIInterfaceOrientationLandscapeLeft UIInterfaceOrientationLandscapeRight";
				INFOPLIST_KEY_UISupportedInterfaceOrientations_iPhone = "UIInterfaceOrientationPortrait UIInterfaceOrientationLandscapeLeft UIInterfaceOrientationLandscapeRight";
				IPHONEOS_DEPLOYMENT_TARGET = 16.0;
				LD_RUNPATH_SEARCH_PATHS = (
					"$(inherited)",
					"@executable_path/Frameworks",
				);
				MARKETING_VERSION = 1.0;
				PRODUCT_BUNDLE_IDENTIFIER = com.orientpro.goldprice;
				PRODUCT_NAME = "$(TARGET_NAME)";
				PROVISIONING_PROFILE_SPECIFIER = "";
				"PROVISIONING_PROFILE_SPECIFIER[sdk=iphoneos*]" = "Wildcard - Dev";
				STRING_CATALOG_GENERATE_SYMBOLS = YES;
				SWIFT_APPROACHABLE_CONCURRENCY = YES;
				SWIFT_DEFAULT_ACTOR_ISOLATION = MainActor;
				SWIFT_EMIT_LOC_STRINGS = YES;
				SWIFT_UPCOMING_FEATURE_MEMBER_IMPORT_VISIBILITY = YES;
				SWIFT_VERSION = 5.0;
				TARGETED_DEVICE_FAMILY = "1,2";
			};
			name = Release;
		};
		5DB0B1FD2EA62B34003962E0 /* Debug */ = {
			isa = XCBuildConfiguration;
			buildSettings = {
				ASSETCATALOG_COMPILER_APPICON_NAME = AppIcon;
				ASSETCATALOG_COMPILER_GLOBAL_ACCENT_COLOR_NAME = AccentColor;
				"CODE_SIGN_IDENTITY[sdk=watchos*]" = "iPhone Developer";
				CODE_SIGN_STYLE = Manual;
				CURRENT_PROJECT_VERSION = 1;
				DEVELOPMENT_TEAM = "";
				"DEVELOPMENT_TEAM[sdk=watchos*]" = XL8Q4B9F55;
				ENABLE_PREVIEWS = YES;
				GENERATE_INFOPLIST_FILE = YES;
				INFOPLIST_FILE = "GiaVang-Watch-App-Info.plist";
				INFOPLIST_KEY_CFBundleDisplayName = GiaVang;
				INFOPLIST_KEY_UISupportedInterfaceOrientations = "UIInterfaceOrientationPortrait UIInterfaceOrientationPortraitUpsideDown";
				INFOPLIST_KEY_WKCompanionAppBundleIdentifier = com.orientpro.goldprice;
				LD_RUNPATH_SEARCH_PATHS = (
					"$(inherited)",
					"@executable_path/Frameworks",
				);
				MARKETING_VERSION = 1.0;
				PRODUCT_BUNDLE_IDENTIFIER = com.orientpro.goldprice.watchkitapp;
				PRODUCT_NAME = "$(TARGET_NAME)";
				PROVISIONING_PROFILE_SPECIFIER = "";
				"PROVISIONING_PROFILE_SPECIFIER[sdk=watchos*]" = "Wildcard - Dev";
				SDKROOT = watchos;
				SKIP_INSTALL = YES;
				STRING_CATALOG_GENERATE_SYMBOLS = YES;
				SWIFT_APPROACHABLE_CONCURRENCY = YES;
				SWIFT_DEFAULT_ACTOR_ISOLATION = MainActor;
				SWIFT_EMIT_LOC_STRINGS = YES;
				SWIFT_UPCOMING_FEATURE_MEMBER_IMPORT_VISIBILITY = YES;
				SWIFT_VERSION = 5.0;
				TARGETED_DEVICE_FAMILY = 4;
				WATCHOS_DEPLOYMENT_TARGET = 9.0;
			};
			name = Debug;
		};
		5DB0B1FE2EA62B34003962E0 /* Release */ = {
			isa = XCBuildConfiguration;
			buildSettings = {
				ASSETCATALOG_COMPILER_APPICON_NAME = AppIcon;
				ASSETCATALOG_COMPILER_GLOBAL_ACCENT_COLOR_NAME = AccentColor;
				"CODE_SIGN_IDENTITY[sdk=watchos*]" = "iPhone Developer";
				CODE_SIGN_STYLE = Manual;
				CURRENT_PROJECT_VERSION = 1;
				DEVELOPMENT_TEAM = "";
				"DEVELOPMENT_TEAM[sdk=watchos*]" = XL8Q4B9F55;
				ENABLE_PREVIEWS = YES;
				GENERATE_INFOPLIST_FILE = YES;
				INFOPLIST_FILE = "GiaVang-Watch-App-Info.plist";
				INFOPLIST_KEY_CFBundleDisplayName = GiaVang;
				INFOPLIST_KEY_UISupportedInterfaceOrientations = "UIInterfaceOrientationPortrait UIInterfaceOrientationPortraitUpsideDown";
				INFOPLIST_KEY_WKCompanionAppBundleIdentifier = com.orientpro.goldprice;
				LD_RUNPATH_SEARCH_PATHS = (
					"$(inherited)",
					"@executable_path/Frameworks",
				);
				MARKETING_VERSION = 1.0;
				PRODUCT_BUNDLE_IDENTIFIER = com.orientpro.goldprice.watchkitapp;
				PRODUCT_NAME = "$(TARGET_NAME)";
				PROVISIONING_PROFILE_SPECIFIER = "";
				"PROVISIONING_PROFILE_SPECIFIER[sdk=watchos*]" = "Wildcard - Dev";
				SDKROOT = watchos;
				SKIP_INSTALL = YES;
				STRING_CATALOG_GENERATE_SYMBOLS = YES;
				SWIFT_APPROACHABLE_CONCURRENCY = YES;
				SWIFT_DEFAULT_ACTOR_ISOLATION = MainActor;
				SWIFT_EMIT_LOC_STRINGS = YES;
				SWIFT_UPCOMING_FEATURE_MEMBER_IMPORT_VISIBILITY = YES;
				SWIFT_VERSION = 5.0;
				TARGETED_DEVICE_FAMILY = 4;
				WATCHOS_DEPLOYMENT_TARGET = 9.0;
			};
			name = Release;
		};
/* End XCBuildConfiguration section */

/* Begin XCConfigurationList section */
		5D4DA3072E9F95A300426F54 /* Build configuration list for PBXProject "GiaVangVN" */ = {
			isa = XCConfigurationList;
			buildConfigurations = (
				5D4DA31A2E9F95A500426F54 /* Debug */,
				5D4DA31B2E9F95A500426F54 /* Release */,
			);
			defaultConfigurationIsVisible = 0;
			defaultConfigurationName = Release;
		};
		5D4DA31C2E9F95A500426F54 /* Build configuration list for PBXNativeTarget "GiaVangVN" */ = {
			isa = XCConfigurationList;
			buildConfigurations = (
				5D4DA31D2E9F95A500426F54 /* Debug */,
				5D4DA31E2E9F95A500426F54 /* Release */,
			);
			defaultConfigurationIsVisible = 0;
			defaultConfigurationName = Release;
		};
		5DB0B1FC2EA62B34003962E0 /* Build configuration list for PBXNativeTarget "GiaVang Watch App" */ = {
			isa = XCConfigurationList;
			buildConfigurations = (
				5DB0B1FD2EA62B34003962E0 /* Debug */,
				5DB0B1FE2EA62B34003962E0 /* Release */,
			);
			defaultConfigurationIsVisible = 0;
			defaultConfigurationName = Release;
		};
/* End XCConfigurationList section */

/* Begin XCRemoteSwiftPackageReference section */
		5D4DA3452E9F9E7100426F54 /* XCRemoteSwiftPackageReference "SwifterSwift" */ = {
			isa = XCRemoteSwiftPackageReference;
			repositoryURL = "https://github.com/SwifterSwift/SwifterSwift";
			requirement = {
				kind = upToNextMajorVersion;
				minimumVersion = 8.0.0;
			};
		};
		5DB0B31B2EA789DA003962E0 /* XCRemoteSwiftPackageReference "swift-package-manager-google-mobile-ads" */ = {
			isa = XCRemoteSwiftPackageReference;
			repositoryURL = "https://github.com/googleads/swift-package-manager-google-mobile-ads";
			requirement = {
				kind = upToNextMajorVersion;
				minimumVersion = 12.12.0;
			};
		};
/* End XCRemoteSwiftPackageReference section */

/* Begin XCSwiftPackageProductDependency section */
		5D4DA3462E9F9E7100426F54 /* SwifterSwift */ = {
			isa = XCSwiftPackageProductDependency;
			package = 5D4DA3452E9F9E7100426F54 /* XCRemoteSwiftPackageReference "SwifterSwift" */;
			productName = SwifterSwift;
		};
		5DB0B31C2EA789DA003962E0 /* GoogleMobileAds */ = {
			isa = XCSwiftPackageProductDependency;
			package = 5DB0B31B2EA789DA003962E0 /* XCRemoteSwiftPackageReference "swift-package-manager-google-mobile-ads" */;
			productName = GoogleMobileAds;
		};
/* End XCSwiftPackageProductDependency section */
	};
	rootObject = 5D4DA3042E9F95A300426F54 /* Project object */;
}
