{
  "originHash" : "f99645e5665ca8f1a932c2fb4590fdfa4c2b089b9b69629ed62a22502a4fc5a7",
  "pins" : [
    {
      "identity" : "swifterswift",
      "kind" : "remoteSourceControl",
      "location" : "https://github.com/SwifterSwift/SwifterSwift",
      "state" : {
        "revision" : "5d948a15446bddb6c367bc7e7100cfcbaa0e9b57",
        "version" : "8.0.0"
      }
    }
  ],
  "version" : 3
}
